
Microsoft Visual Studio Solution File, Format Version 12.00
Project("{FAE04EC0-301F-11D3-BF4B-00C04F79EFBC}") = "ASN.MC.UI", "ASN.MC.UI\ASN.MC.UI.csproj", "{9DE10575-4FA2-46A0-A9E7-0D88B4CAE75A}"
EndProject
Project("{FAE04EC0-301F-11D3-BF4B-00C04F79EFBC}") = "ASN.MC.Backend", "ASN.MC.Backend\ASN.MC.Backend.csproj", "{ADD2F4A9-0550-49DD-9441-2B2731C25AD8}"
EndProject
Global
	GlobalSection(SolutionConfigurationPlatforms) = preSolution
		Debug|Any CPU = Debug|Any CPU
		Release|Any CPU = Release|Any CPU
	EndGlobalSection
	GlobalSection(ProjectConfigurationPlatforms) = postSolution
		{9DE10575-4FA2-46A0-A9E7-0D88B4CAE75A}.Debug|Any CPU.ActiveCfg = Debug|Any CPU
		{9DE10575-4FA2-46A0-A9E7-0D88B4CAE75A}.Debug|Any CPU.Build.0 = Debug|Any CPU
		{9DE10575-4FA2-46A0-A9E7-0D88B4CAE75A}.Release|Any CPU.ActiveCfg = Release|Any CPU
		{9DE10575-4FA2-46A0-A9E7-0D88B4CAE75A}.Release|Any CPU.Build.0 = Release|Any CPU
		{ADD2F4A9-0550-49DD-9441-2B2731C25AD8}.Debug|Any CPU.ActiveCfg = Debug|Any CPU
		{ADD2F4A9-0550-49DD-9441-2B2731C25AD8}.Debug|Any CPU.Build.0 = Debug|Any CPU
		{ADD2F4A9-0550-49DD-9441-2B2731C25AD8}.Release|Any CPU.ActiveCfg = Release|Any CPU
		{ADD2F4A9-0550-49DD-9441-2B2731C25AD8}.Release|Any CPU.Build.0 = Release|Any CPU
	EndGlobalSection
EndGlobal
